# This file is autogenerated, do not edit; changes may be undone by the next 'dep ensure'.


[[projects]]
  branch = "master"
  name = "github.com/matryer/is"
  packages = ["."]
  revision = "c0323ceb4e996e4a8795670d1fb6f60e65b82fd2"

[solve-meta]
  analyzer-name = "dep"
  analyzer-version = 1
  inputs-digest = "778735bf71d8ad443c7ecdd8ceb59d723ffa63e2da79b89edd09c06659f8b585"
  solver-name = "gps-cdcl"
  solver-version = 1
